
Microsoft Visual Studio Solution File, Format Version 12.00
# Visual Studio Version 16
VisualStudioVersion = 16.0.31129.286
MinimumVisualStudioVersion = 10.0.40219.1
Project("{FAE04EC0-301F-11D3-BF4B-00C04F79EFBC}") = "newPage", "newPage\newPage.csproj", "{5FB6E6D0-2B88-4A7C-8DA9-D4E66594FDF1}"
EndProject
Global
	GlobalSection(SolutionConfigurationPlatforms) = preSolution
		Debug|Any CPU = Debug|Any CPU
		Release|Any CPU = Release|Any CPU
	EndGlobalSection
	GlobalSection(ProjectConfigurationPlatforms) = postSolution
		{5FB6E6D0-2B88-4A7C-8DA9-D4E66594FDF1}.Debug|Any CPU.ActiveCfg = Debug|Any CPU
		{5FB6E6D0-2B88-4A7C-8DA9-D4E66594FDF1}.Debug|Any CPU.Build.0 = Debug|Any CPU
		{5FB6E6D0-2B88-4A7C-8DA9-D4E66594FDF1}.Release|Any CPU.ActiveCfg = Release|Any CPU
		{5FB6E6D0-2B88-4A7C-8DA9-D4E66594FDF1}.Release|Any CPU.Build.0 = Release|Any CPU
	EndGlobalSection
	GlobalSection(SolutionProperties) = preSolution
		HideSolutionNode = FALSE
	EndGlobalSection
	GlobalSection(ExtensibilityGlobals) = postSolution
		SolutionGuid = {8FABBFAE-AC01-42DE-B2D9-D2C0163591CF}
	EndGlobalSection
EndGlobal
